
Microsoft Visual Studio Solution File, Format Version 12.00
# Visual Studio Version 16
VisualStudioVersion = 16.0.31424.327
MinimumVisualStudioVersion = 10.0.40219.1
Project("{FAE04EC0-301F-11D3-BF4B-00C04F79EFBC}") = "Volga IT", "Volga IT\Volga IT.csproj", "{C77B27F7-31A2-4CAA-8285-6D19A418199C}"
EndProject
Global
	GlobalSection(SolutionConfigurationPlatforms) = preSolution
		Debug|Any CPU = Debug|Any CPU
		Release|Any CPU = Release|Any CPU
	EndGlobalSection
	GlobalSection(ProjectConfigurationPlatforms) = postSolution
		{C77B27F7-31A2-4CAA-8285-6D19A418199C}.Debug|Any CPU.ActiveCfg = Debug|Any CPU
		{C77B27F7-31A2-4CAA-8285-6D19A418199C}.Debug|Any CPU.Build.0 = Debug|Any CPU
		{C77B27F7-31A2-4CAA-8285-6D19A418199C}.Release|Any CPU.ActiveCfg = Release|Any CPU
		{C77B27F7-31A2-4CAA-8285-6D19A418199C}.Release|Any CPU.Build.0 = Release|Any CPU
	EndGlobalSection
	GlobalSection(SolutionProperties) = preSolution
		HideSolutionNode = FALSE
	EndGlobalSection
	GlobalSection(ExtensibilityGlobals) = postSolution
		SolutionGuid = {E2873908-98A8-4D46-B7F0-279FC31FAE8F}
	EndGlobalSection
EndGlobal
